
Microsoft Visual Studio Solution File, Format Version 12.00
# Visual Studio Version 17
VisualStudioVersion = 17.14.36811.4 d17.14
MinimumVisualStudioVersion = 10.0.40219.1
Project("{FAE04EC0-301F-11D3-BF4B-00C04F79EFBC}") = "PROG2126_A01_TaskTcpPerf", "PROG2126_A01_TaskTcpPerf\PROG2126_A01_TaskTcpPerf.csproj", "{1828D0BD-5FA0-4C5A-A23D-580F7971A935}"
EndProject
Global
	GlobalSection(SolutionConfigurationPlatforms) = preSolution
		Debug|Any CPU = Debug|Any CPU
		Release|Any CPU = Release|Any CPU
	EndGlobalSection
	GlobalSection(ProjectConfigurationPlatforms) = postSolution
		{1828D0BD-5FA0-4C5A-A23D-580F7971A935}.Debug|Any CPU.ActiveCfg = Debug|Any CPU
		{1828D0BD-5FA0-4C5A-A23D-580F7971A935}.Debug|Any CPU.Build.0 = Debug|Any CPU
		{1828D0BD-5FA0-4C5A-A23D-580F7971A935}.Release|Any CPU.ActiveCfg = Release|Any CPU
		{1828D0BD-5FA0-4C5A-A23D-580F7971A935}.Release|Any CPU.Build.0 = Release|Any CPU
	EndGlobalSection
	GlobalSection(SolutionProperties) = preSolution
		HideSolutionNode = FALSE
	EndGlobalSection
	GlobalSection(ExtensibilityGlobals) = postSolution
		SolutionGuid = {56BA6558-95A4-4C6D-B406-DA6F3FC5ACAE}
	EndGlobalSection
EndGlobal
